
Microsoft Visual Studio Solution File, Format Version 12.00
# Visual Studio Version 16
VisualStudioVersion = 16.0.30711.63
MinimumVisualStudioVersion = 10.0.40219.1
Project("{8BC9CEB8-8B4A-11D0-8D11-00A0C91BC942}") = "通讯录管理系统", "通讯录管理系统.vcxproj", "{FC29D9C7-9C71-40FD-9C71-73AA64EAF241}"
EndProject
Global
	GlobalSection(SolutionConfigurationPlatforms) = preSolution
		Debug|x64 = Debug|x64
		Debug|x86 = Debug|x86
		Release|x64 = Release|x64
		Release|x86 = Release|x86
	EndGlobalSection
	GlobalSection(ProjectConfigurationPlatforms) = postSolution
		{FC29D9C7-9C71-40FD-9C71-73AA64EAF241}.Debug|x64.ActiveCfg = Debug|x64
		{FC29D9C7-9C71-40FD-9C71-73AA64EAF241}.Debug|x64.Build.0 = Debug|x64
		{FC29D9C7-9C71-40FD-9C71-73AA64EAF241}.Debug|x86.ActiveCfg = Debug|Win32
		{FC29D9C7-9C71-40FD-9C71-73AA64EAF241}.Debug|x86.Build.0 = Debug|Win32
		{FC29D9C7-9C71-40FD-9C71-73AA64EAF241}.Release|x64.ActiveCfg = Release|x64
		{FC29D9C7-9C71-40FD-9C71-73AA64EAF241}.Release|x64.Build.0 = Release|x64
		{FC29D9C7-9C71-40FD-9C71-73AA64EAF241}.Release|x86.ActiveCfg = Release|Win32
		{FC29D9C7-9C71-40FD-9C71-73AA64EAF241}.Release|x86.Build.0 = Release|Win32
	EndGlobalSection
	GlobalSection(SolutionProperties) = preSolution
		HideSolutionNode = FALSE
	EndGlobalSection
	GlobalSection(ExtensibilityGlobals) = postSolution
		SolutionGuid = {FACDA0CD-9F84-4EDC-898E-BF79CFE5EE99}
	EndGlobalSection
EndGlobal
